// !$*UTF8*$!
{
	archiveVersion = 1;
	classes = {
	};
	objectVersion = 46;
	objects = {

/* Begin PBXBuildFile section */
		A409CFEA1D41D225005497CF /* AppDelegate.swift in Sources */ = {isa = PBXBuildFile; fileRef = A409CFE91D41D225005497CF /* AppDelegate.swift */; };
		A409CFEC1D41D225005497CF /* ViewController.swift in Sources */ = {isa = PBXBuildFile; fileRef = A409CFEB1D41D225005497CF /* ViewController.swift */; };
		A409CFEF1D41D225005497CF /* Main.storyboard in Resources */ = {isa = PBXBuildFile; fileRef = A409CFED1D41D225005497CF /* Main.storyboard */; };
		A409CFF11D41D225005497CF /* Assets.xcassets in Resources */ = {isa = PBXBuildFile; fileRef = A409CFF01D41D225005497CF /* Assets.xcassets */; };
		A409CFF41D41D225005497CF /* LaunchScreen.storyboard in Resources */ = {isa = PBXBuildFile; fileRef = A409CFF21D41D225005497CF /* LaunchScreen.storyboard */; };
		A409CFFF1D41D225005497CF /* FoodTrackerTests.swift in Sources */ = {isa = PBXBuildFile; fileRef = A409CFFE1D41D225005497CF /* FoodTrackerTests.swift */; };
/* End PBXBuildFile section */

/* Begin PBXContainerItemProxy section */
		A409CFFB1D41D225005497CF /* PBXContainerItemProxy */ = {
			isa = PBXContainerItemProxy;
			containerPortal = A409CFDE1D41D225005497CF /* Project object */;
			proxyType = 1;
			remoteGlobalIDString = A409CFE51D41D225005497CF;
			remoteInfo = FoodTracker;
		};
/* End PBXContainerItemProxy section */

/* Begin PBXFileReference section */
		A409CFE61D41D225005497CF /* FoodTracker.app */ = {isa = PBXFileReference; explicitFileType = wrapper.application; includeInIndex = 0; path = FoodTracker.app; sourceTree = BUILT_PRODUCTS_DIR; };
		A409CFE91D41D225005497CF /* AppDelegate.swift */ = {isa = PBXFileReference; lastKnownFileType = sourcecode.swift; path = AppDelegate.swift; sourceTree = "<group>"; };
		A409CFEB1D41D225005497CF /* ViewController.swift */ = {isa = PBXFileReference; lastKnownFileType = sourcecode.swift; path = ViewController.swift; sourceTree = "<group>"; };
		A409CFEE1D41D225005497CF /* Base */ = {isa = PBXFileReference; lastKnownFileType = file.storyboard; name = Base; path = Base.lproj/Main.storyboard; sourceTree = "<group>"; };
		A409CFF01D41D225005497CF /* Assets.xcassets */ = {isa = PBXFileReference; lastKnownFileType = folder.assetcatalog; path = Assets.xcassets; sourceTree = "<group>"; };
		A409CFF31D41D225005497CF /* Base */ = {isa = PBXFileReference; lastKnownFileType = file.storyboard; name = Base; path = Base.lproj/LaunchScreen.storyboard; sourceTree = "<group>"; };
		A409CFF51D41D225005497CF /* Info.plist */ = {isa = PBXFileReference; lastKnownFileType = text.plist.xml; path = Info.plist; sourceTree = "<group>"; };
		A409CFFA1D41D225005497CF /* FoodTrackerTests.xctest */ = {isa = PBXFileReference; explicitFileType = wrapper.cfbundle; includeInIndex = 0; path = FoodTrackerTests.xctest; sourceTree = BUILT_PRODUCTS_DIR; };
		A409CFFE1D41D225005497CF /* FoodTrackerTests.swift */ = {isa = PBXFileReference; lastKnownFileType = sourcecode.swift; path = FoodTrackerTests.swift; sourceTree = "<group>"; };
		A409D0001D41D225005497CF /* Info.plist */ = {isa = PBXFileReference; lastKnownFileType = text.plist.xml; path = Info.plist; sourceTree = "<group>"; };
/* End PBXFileReference section */

/* Begin PBXFrameworksBuildPhase section */
		A409CFE31D41D225005497CF /* Frameworks */ = {
			isa = PBXFrameworksBuildPhase;
			buildActionMask = 2147483647;
			files = (
			);
			runOnlyForDeploymentPostprocessing = 0;
		};
		A409CFF71D41D225005497CF /* Frameworks */ = {
			isa = PBXFrameworksBuildPhase;
			buildActionMask = 2147483647;
			files = (
			);
			runOnlyForDeploymentPostprocessing = 0;
		};
/* End PBXFrameworksBuildPhase section */

/* Begin PBXGroup section */
		A409CFDD1D41D225005497CF = {
			isa = PBXGroup;
			children = (
				A409CFE81D41D225005497CF /* FoodTracker */,
				A409CFFD1D41D225005497CF /* FoodTrackerTests */,
				A409CFE71D41D225005497CF /* Products */,
			);
			sourceTree = "<group>";
		};
		A409CFE71D41D225005497CF /* Products */ = {
			isa = PBXGroup;
			children = (
				A409CFE61D41D225005497CF /* FoodTracker.app */,
				A409CFFA1D41D225005497CF /* FoodTrackerTests.xctest */,
			);
			name = Products;
			sourceTree = "<group>";
		};
		A409CFE81D41D225005497CF /* FoodTracker */ = {
			isa = PBXGroup;
			children = (
				A409CFE91D41D225005497CF /* AppDelegate.swift */,
				A409CFEB1D41D225005497CF /* ViewController.swift */,
				A409CFED1D41D225005497CF /* Main.storyboard */,
				A409CFF01D41D225005497CF /* Assets.xcassets */,
				A409CFF21D41D225005497CF /* LaunchScreen.storyboard */,
				A409CFF51D41D225005497CF /* Info.plist */,
			);
			path = FoodTracker;
			sourceTree = "<group>";
		};
		A409CFFD1D41D225005497CF /* FoodTrackerTests */ = {
			isa = PBXGroup;
			children = (
				A409CFFE1D41D225005497CF /* FoodTrackerTests.swift */,
				A409D0001D41D225005497CF /* Info.plist */,
			);
			path = FoodTrackerTests;
			sourceTree = "<group>";
		};
/* End PBXGroup section */

/* Begin PBXNativeTarget section */
		A409CFE51D41D225005497CF /* FoodTracker */ = {
			isa = PBXNativeTarget;
			buildConfigurationList = A409D0031D41D225005497CF /* Build configuration list for PBXNativeTarget "FoodTracker" */;
			buildPhases = (
				A409CFE21D41D225005497CF /* Sources */,
				A409CFE31D41D225005497CF /* Frameworks */,
				A409CFE41D41D225005497CF /* Resources */,
			);
			buildRules = (
			);
			dependencies = (
			);
			name = FoodTracker;
			productName = FoodTracker;
			productReference = A409CFE61D41D225005497CF /* FoodTracker.app */;
			productType = "com.apple.product-type.application";
		};
		A409CFF91D41D225005497CF /* FoodTrackerTests */ = {
			isa = PBXNativeTarget;
			buildConfigurationList = A409D0061D41D225005497CF /* Build configuration list for PBXNativeTarget "FoodTrackerTests" */;
			buildPhases = (
				A409CFF61D41D225005497CF /* Sources */,
				A409CFF71D41D225005497CF /* Frameworks */,
				A409CFF81D41D225005497CF /* Resources */,
			);
			buildRules = (
			);
			dependencies = (
				A409CFFC1D41D225005497CF /* PBXTargetDependency */,
			);
			name = FoodTrackerTests;
			productName = FoodTrackerTests;
			productReference = A409CFFA1D41D225005497CF /* FoodTrackerTests.xctest */;
			productType = "com.apple.product-type.bundle.unit-test";
		};
/* End PBXNativeTarget section */

/* Begin PBXProject section */
		A409CFDE1D41D225005497CF /* Project object */ = {
			isa = PBXProject;
			attributes = {
				LastSwiftUpdateCheck = 0730;
				LastUpgradeCheck = 0730;
				ORGANIZATIONNAME = DiUS;
				TargetAttributes = {
					A409CFE51D41D225005497CF = {
						CreatedOnToolsVersion = 7.3.1;
						DevelopmentTeam = VXTR7MFC9H;
					};
					A409CFF91D41D225005497CF = {
						CreatedOnToolsVersion = 7.3.1;
						TestTargetID = A409CFE51D41D225005497CF;
					};
				};
			};
			buildConfigurationList = A409CFE11D41D225005497CF /* Build configuration list for PBXProject "FoodTracker" */;
			compatibilityVersion = "Xcode 3.2";
			developmentRegion = English;
			hasScannedForEncodings = 0;
			knownRegions = (
				en,
				Base,
			);
			mainGroup = A409CFDD1D41D225005497CF;
			productRefGroup = A409CFE71D41D225005497CF /* Products */;
			projectDirPath = "";
			projectRoot = "";
			targets = (
				A409CFE51D41D225005497CF /* FoodTracker */,
				A409CFF91D41D225005497CF /* FoodTrackerTests */,
			);
		};
/* End PBXProject section */

/* Begin PBXResourcesBuildPhase section */
		A409CFE41D41D225005497CF /* Resources */ = {
			isa = PBXResourcesBuildPhase;
			buildActionMask = 2147483647;
			files = (
				A409CFF41D41D225005497CF /* LaunchScreen.storyboard in Resources */,
				A409CFF11D41D225005497CF /* Assets.xcassets in Resources */,
				A409CFEF1D41D225005497CF /* Main.storyboard in Resources */,
			);
			runOnlyForDeploymentPostprocessing = 0;
		};
		A409CFF81D41D225005497CF /* Resources */ = {
			isa = PBXResourcesBuildPhase;
			buildActionMask = 2147483647;
			files = (
			);
			runOnlyForDeploymentPostprocessing = 0;
		};
/* End PBXResourcesBuildPhase section */

/* Begin PBXSourcesBuildPhase section */
		A409CFE21D41D225005497CF /* Sources */ = {
			isa = PBXSourcesBuildPhase;
			buildActionMask = 2147483647;
			files = (
				A409CFEC1D41D225005497CF /* ViewController.swift in Sources */,
				A409CFEA1D41D225005497CF /* AppDelegate.swift in Sources */,
			);
			runOnlyForDeploymentPostprocessing = 0;
		};
		A409CFF61D41D225005497CF /* Sources */ = {
			isa = PBXSourcesBuildPhase;
			buildActionMask = 2147483647;
			files = (
				A409CFFF1D41D225005497CF /* FoodTrackerTests.swift in Sources */,
			);
			runOnlyForDeploymentPostprocessing = 0;
		};
/* End PBXSourcesBuildPhase section */

/* Begin PBXTargetDependency section */
		A409CFFC1D41D225005497CF /* PBXTargetDependency */ = {
			isa = PBXTargetDependency;
			target = A409CFE51D41D225005497CF /* FoodTracker */;
			targetProxy = A409CFFB1D41D225005497CF /* PBXContainerItemProxy */;
		};
/* End PBXTargetDependency section */

/* Begin PBXVariantGroup section */
		A409CFED1D41D225005497CF /* Main.storyboard */ = {
			isa = PBXVariantGroup;
			children = (
				A409CFEE1D41D225005497CF /* Base */,
			);
			name = Main.storyboard;
			sourceTree = "<group>";
		};
		A409CFF21D41D225005497CF /* LaunchScreen.storyboard */ = {
			isa = PBXVariantGroup;
			children = (
				A409CFF31D41D225005497CF /* Base */,
			);
			name = LaunchScreen.storyboard;
			sourceTree = "<group>";
		};
/* End PBXVariantGroup section */

/* Begin XCBuildConfiguration section */
		A409D0011D41D225005497CF /* Debug */ = {
			isa = XCBuildConfiguration;
			buildSettings = {
				ALWAYS_SEARCH_USER_PATHS = NO;
				CLANG_ANALYZER_NONNULL = YES;
				CLANG_CXX_LANGUAGE_STANDARD = "gnu++0x";
				CLANG_CXX_LIBRARY = "libc++";
				CLANG_ENABLE_MODULES = YES;
				CLANG_ENABLE_OBJC_ARC = YES;
				CLANG_WARN_BOOL_CONVERSION = YES;
				CLANG_WARN_CONSTANT_CONVERSION = YES;
				CLANG_WARN_DIRECT_OBJC_ISA_USAGE = YES_ERROR;
				CLANG_WARN_EMPTY_BODY = YES;
				CLANG_WARN_ENUM_CONVERSION = YES;
				CLANG_WARN_INT_CONVERSION = YES;
				CLANG_WARN_OBJC_ROOT_CLASS = YES_ERROR;
				CLANG_WARN_UNREACHABLE_CODE = YES;
				CLANG_WARN__DUPLICATE_METHOD_MATCH = YES;
				"CODE_SIGN_IDENTITY[sdk=iphoneos*]" = "iPhone Developer";
				COPY_PHASE_STRIP = NO;
				DEBUG_INFORMATION_FORMAT = dwarf;
				ENABLE_STRICT_OBJC_MSGSEND = YES;
				ENABLE_TESTABILITY = YES;
				GCC_C_LANGUAGE_STANDARD = gnu99;
				GCC_DYNAMIC_NO_PIC = NO;
				GCC_NO_COMMON_BLOCKS = YES;
				GCC_OPTIMIZATION_LEVEL = 0;
				GCC_PREPROCESSOR_DEFINITIONS = (
					"DEBUG=1",
					"$(inherited)",
				);
				GCC_WARN_64_TO_32_BIT_CONVERSION = YES;
				GCC_WARN_ABOUT_RETURN_TYPE = YES_ERROR;
				GCC_WARN_UNDECLARED_SELECTOR = YES;
				GCC_WARN_UNINITIALIZED_AUTOS = YES_AGGRESSIVE;
				GCC_WARN_UNUSED_FUNCTION = YES;
				GCC_WARN_UNUSED_VARIABLE = YES;
				IPHONEOS_DEPLOYMENT_TARGET = 9.3;
				MTL_ENABLE_DEBUG_INFO = YES;
				ONLY_ACTIVE_ARCH = YES;
				SDKROOT = iphoneos;
				SWIFT_OPTIMIZATION_LEVEL = "-Onone";
				TARGETED_DEVICE_FAMILY = "1,2";
			};
			name = Debug;
		};
		A409D0021D41D225005497CF /* Release */ = {
			isa = XCBuildConfiguration;
			buildSettings = {
				ALWAYS_SEARCH_USER_PATHS = NO;
				CLANG_ANALYZER_NONNULL = YES;
				CLANG_CXX_LANGUAGE_STANDARD = "gnu++0x";
				CLANG_CXX_LIBRARY = "libc++";
				CLANG_ENABLE_MODULES = YES;
				CLANG_ENABLE_OBJC_ARC = YES;
				CLANG_WARN_BOOL_CONVERSION = YES;
				CLANG_WARN_CONSTANT_CONVERSION = YES;
				CLANG_WARN_DIRECT_OBJC_ISA_USAGE = YES_ERROR;
				CLANG_WARN_EMPTY_BODY = YES;
				CLANG_WARN_ENUM_CONVERSION = YES;
				CLANG_WARN_INT_CONVERSION = YES;
				CLANG_WARN_OBJC_ROOT_CLASS = YES_ERROR;
				CLANG_WARN_UNREACHABLE_CODE = YES;
				CLANG_WARN__DUPLICATE_METHOD_MATCH = YES;
				"CODE_SIGN_IDENTITY[sdk=iphoneos*]" = "iPhone Developer";
				COPY_PHASE_STRIP = NO;
				DEBUG_INFORMATION_FORMAT = "dwarf-with-dsym";
				ENABLE_NS_ASSERTIONS = NO;
				ENABLE_STRICT_OBJC_MSGSEND = YES;
				GCC_C_LANGUAGE_STANDARD = gnu99;
				GCC_NO_COMMON_BLOCKS = YES;
				GCC_WARN_64_TO_32_BIT_CONVERSION = YES;
				GCC_WARN_ABOUT_RETURN_TYPE = YES_ERROR;
				GCC_WARN_UNDECLARED_SELECTOR = YES;
				GCC_WARN_UNINITIALIZED_AUTOS = YES_AGGRESSIVE;
				GCC_WARN_UNUSED_FUNCTION = YES;
				GCC_WARN_UNUSED_VARIABLE = YES;
				IPHONEOS_DEPLOYMENT_TARGET = 9.3;
				MTL_ENABLE_DEBUG_INFO = NO;
				SDKROOT = iphoneos;
				TARGETED_DEVICE_FAMILY = "1,2";
				VALIDATE_PRODUCT = YES;
			};
			name = Release;
		};
		A409D0041D41D225005497CF /* Debug */ = {
			isa = XCBuildConfiguration;
			buildSettings = {
				ASSETCATALOG_COMPILER_APPICON_NAME = AppIcon;
				CODE_SIGN_IDENTITY = "iPhone Developer";
				"CODE_SIGN_IDENTITY[sdk=iphoneos*]" = "iPhone Developer";
				INFOPLIST_FILE = FoodTracker/Info.plist;
				IPHONEOS_DEPLOYMENT_TARGET = 9.0;
				LD_RUNPATH_SEARCH_PATHS = "$(inherited) @executable_path/Frameworks";
				PRODUCT_BUNDLE_IDENTIFIER = au.com.dius.FoodTracker;
				PRODUCT_NAME = "$(TARGET_NAME)";
				PROVISIONING_PROFILE = "";
			};
			name = Debug;
		};
		A409D0051D41D225005497CF /* Release */ = {
			isa = XCBuildConfiguration;
			buildSettings = {
				ASSETCATALOG_COMPILER_APPICON_NAME = AppIcon;
				CODE_SIGN_IDENTITY = "iPhone Developer";
				"CODE_SIGN_IDENTITY[sdk=iphoneos*]" = "iPhone Developer";
				INFOPLIST_FILE = FoodTracker/Info.plist;
				IPHONEOS_DEPLOYMENT_TARGET = 9.0;
				LD_RUNPATH_SEARCH_PATHS = "$(inherited) @executable_path/Frameworks";
				PRODUCT_BUNDLE_IDENTIFIER = au.com.dius.FoodTracker;
				PRODUCT_NAME = "$(TARGET_NAME)";
				PROVISIONING_PROFILE = "";
			};
			name = Release;
		};
		A409D0071D41D225005497CF /* Debug */ = {
			isa = XCBuildConfiguration;
			buildSettings = {
				BUNDLE_LOADER = "$(TEST_HOST)";
				INFOPLIST_FILE = FoodTrackerTests/Info.plist;
				LD_RUNPATH_SEARCH_PATHS = "$(inherited) @executable_path/Frameworks @loader_path/Frameworks";
				PRODUCT_BUNDLE_IDENTIFIER = au.com.dius.FoodTrackerTests;
				PRODUCT_NAME = "$(TARGET_NAME)";
				TEST_HOST = "$(BUILT_PRODUCTS_DIR)/FoodTracker.app/FoodTracker";
			};
			name = Debug;
		};
		A409D0081D41D225005497CF /* Release */ = {
			isa = XCBuildConfiguration;
			buildSettings = {
				BUNDLE_LOADER = "$(TEST_HOST)";
				INFOPLIST_FILE = FoodTrackerTests/Info.plist;
				LD_RUNPATH_SEARCH_PATHS = "$(inherited) @executable_path/Frameworks @loader_path/Frameworks";
				PRODUCT_BUNDLE_IDENTIFIER = au.com.dius.FoodTrackerTests;
				PRODUCT_NAME = "$(TARGET_NAME)";
				TEST_HOST = "$(BUILT_PRODUCTS_DIR)/FoodTracker.app/FoodTracker";
			};
			name = Release;
		};
/* End XCBuildConfiguration section */

/* Begin XCConfigurationList section */
		A409CFE11D41D225005497CF /* Build configuration list for PBXProject "FoodTracker" */ = {
			isa = XCConfigurationList;
			buildConfigurations = (
				A409D0011D41D225005497CF /* Debug */,
				A409D0021D41D225005497CF /* Release */,
			);
			defaultConfigurationIsVisible = 0;
			defaultConfigurationName = Release;
		};
		A409D0031D41D225005497CF /* Build configuration list for PBXNativeTarget "FoodTracker" */ = {
			isa = XCConfigurationList;
			buildConfigurations = (
				A409D0041D41D225005497CF /* Debug */,
				A409D0051D41D225005497CF /* Release */,
			);
			defaultConfigurationIsVisible = 0;
		};
		A409D0061D41D225005497CF /* Build configuration list for PBXNativeTarget "FoodTrackerTests" */ = {
			isa = XCConfigurationList;
			buildConfigurations = (
				A409D0071D41D225005497CF /* Debug */,
				A409D0081D41D225005497CF /* Release */,
			);
			defaultConfigurationIsVisible = 0;
		};
/* End XCConfigurationList section */
	};
	rootObject = A409CFDE1D41D225005497CF /* Project object */;
}
